
Microsoft Visual Studio Solution File, Format Version 12.00
# Visual Studio Version 17
VisualStudioVersion = 17.8.34309.116
MinimumVisualStudioVersion = 10.0.40219.1
Project("{FAE04EC0-301F-11D3-BF4B-00C04F79EFBC}") = "WebAPIwithCRUD&CosmosDB", "WebAPIwithCRUD&CosmosDB\WebAPIwithCRUD&CosmosDB.csproj", "{DA06277B-2DEC-4178-96C7-DBA1B244A249}"
EndProject
Global
	GlobalSection(SolutionConfigurationPlatforms) = preSolution
		Debug|Any CPU = Debug|Any CPU
		Release|Any CPU = Release|Any CPU
	EndGlobalSection
	GlobalSection(ProjectConfigurationPlatforms) = postSolution
		{DA06277B-2DEC-4178-96C7-DBA1B244A249}.Debug|Any CPU.ActiveCfg = Debug|Any CPU
		{DA06277B-2DEC-4178-96C7-DBA1B244A249}.Debug|Any CPU.Build.0 = Debug|Any CPU
		{DA06277B-2DEC-4178-96C7-DBA1B244A249}.Release|Any CPU.ActiveCfg = Release|Any CPU
		{DA06277B-2DEC-4178-96C7-DBA1B244A249}.Release|Any CPU.Build.0 = Release|Any CPU
	EndGlobalSection
	GlobalSection(SolutionProperties) = preSolution
		HideSolutionNode = FALSE
	EndGlobalSection
	GlobalSection(ExtensibilityGlobals) = postSolution
		SolutionGuid = {4C7B4424-7EB6-4458-A155-6DB78D68F965}
	EndGlobalSection
EndGlobal
